// !$*UTF8*$!
{
	archiveVersion = 1;
	classes = {
	};
	objectVersion = 46;
	objects = {

/* Begin PBXBuildFile section */
		3015BB1F1F6FF03F007A7035 /* main.m in Sources */ = {isa = PBXBuildFile; fileRef = 3015BB1E1F6FF03F007A7035 /* main.m */; };
		3015BB221F6FF03F007A7035 /* AppDelegate.m in Sources */ = {isa = PBXBuildFile; fileRef = 3015BB211F6FF03F007A7035 /* AppDelegate.m */; };
		3015BB281F6FF03F007A7035 /* Main.storyboard in Resources */ = {isa = PBXBuildFile; fileRef = 3015BB261F6FF03F007A7035 /* Main.storyboard */; };
		3015BB2A1F6FF03F007A7035 /* Assets.xcassets in Resources */ = {isa = PBXBuildFile; fileRef = 3015BB291F6FF03F007A7035 /* Assets.xcassets */; };
		3015BB2D1F6FF03F007A7035 /* LaunchScreen.storyboard in Resources */ = {isa = PBXBuildFile; fileRef = 3015BB2B1F6FF03F007A7035 /* LaunchScreen.storyboard */; };
		3015BB381F6FF03F007A7035 /* FJPhotoPickerDemoTests.m in Sources */ = {isa = PBXBuildFile; fileRef = 3015BB371F6FF03F007A7035 /* FJPhotoPickerDemoTests.m */; };
		3015BB431F6FF03F007A7035 /* FJPhotoPickerDemoUITests.m in Sources */ = {isa = PBXBuildFile; fileRef = 3015BB421F6FF03F007A7035 /* FJPhotoPickerDemoUITests.m */; };
		3015BBA91F6FF509007A7035 /* TestViewController.m in Sources */ = {isa = PBXBuildFile; fileRef = 3015BBA71F6FF509007A7035 /* TestViewController.m */; };
		3015BBAA1F6FF509007A7035 /* TestViewController.xib in Resources */ = {isa = PBXBuildFile; fileRef = 3015BBA81F6FF509007A7035 /* TestViewController.xib */; };
		30883E8A1F70A98200019D3A /* FJAlbumPickerController.m in Sources */ = {isa = PBXBuildFile; fileRef = 30883E541F70A98200019D3A /* FJAlbumPickerController.m */; };
		30883E8B1F70A98200019D3A /* FJAssetCell.m in Sources */ = {isa = PBXBuildFile; fileRef = 30883E561F70A98200019D3A /* FJAssetCell.m */; };
		30883E8C1F70A98200019D3A /* FJAssetModel.m in Sources */ = {isa = PBXBuildFile; fileRef = 30883E581F70A98200019D3A /* FJAssetModel.m */; };
		30883E8D1F70A98200019D3A /* FJCollectionCell.m in Sources */ = {isa = PBXBuildFile; fileRef = 30883E5A1F70A98200019D3A /* FJCollectionCell.m */; };
		30883E8F1F70A98200019D3A /* FJGifPhotoPreviewController.m in Sources */ = {isa = PBXBuildFile; fileRef = 30883E5E1F70A98200019D3A /* FJGifPhotoPreviewController.m */; };
		30883E901F70A98200019D3A /* FJImageCropManager.m in Sources */ = {isa = PBXBuildFile; fileRef = 30883E601F70A98200019D3A /* FJImageCropManager.m */; };
		30883E911F70A98200019D3A /* FJImageManager.m in Sources */ = {isa = PBXBuildFile; fileRef = 30883E621F70A98200019D3A /* FJImageManager.m */; };
		30883E921F70A98200019D3A /* FJImagePickerController.m in Sources */ = {isa = PBXBuildFile; fileRef = 30883E641F70A98200019D3A /* FJImagePickerController.m */; };
		30883E931F70A98200019D3A /* FJLocationManager.m in Sources */ = {isa = PBXBuildFile; fileRef = 30883E661F70A98200019D3A /* FJLocationManager.m */; };
		30883E941F70A98200019D3A /* FJNoAuthorityViewController.m in Sources */ = {isa = PBXBuildFile; fileRef = 30883E681F70A98200019D3A /* FJNoAuthorityViewController.m */; };
		30883E961F70A98200019D3A /* FJPhotoActionSheet.m in Sources */ = {isa = PBXBuildFile; fileRef = 30883E6B1F70A98200019D3A /* FJPhotoActionSheet.m */; };
		30883E981F70A98200019D3A /* FJPhotoPickerController.m in Sources */ = {isa = PBXBuildFile; fileRef = 30883E6E1F70A98200019D3A /* FJPhotoPickerController.m */; };
		30883E991F70A98200019D3A /* FJPhotoPreviewCell.m in Sources */ = {isa = PBXBuildFile; fileRef = 30883E701F70A98200019D3A /* FJPhotoPreviewCell.m */; };
		30883E9A1F70A98200019D3A /* FJPhotoPreviewController.m in Sources */ = {isa = PBXBuildFile; fileRef = 30883E721F70A98200019D3A /* FJPhotoPreviewController.m */; };
		30883E9B1F70A98200019D3A /* FJPhotoTool.m in Sources */ = {isa = PBXBuildFile; fileRef = 30883E741F70A98200019D3A /* FJPhotoTool.m */; };
		30883E9C1F70A98200019D3A /* FJProgressHUD.m in Sources */ = {isa = PBXBuildFile; fileRef = 30883E761F70A98200019D3A /* FJProgressHUD.m */; };
		30883E9D1F70A98200019D3A /* FJProgressView.m in Sources */ = {isa = PBXBuildFile; fileRef = 30883E781F70A98200019D3A /* FJProgressView.m */; };
		30883E9E1F70A98200019D3A /* FJSelectPhotoTool.m in Sources */ = {isa = PBXBuildFile; fileRef = 30883E7A1F70A98200019D3A /* FJSelectPhotoTool.m */; };
		30883E9F1F70A98200019D3A /* FJVideoPlayerController.m in Sources */ = {isa = PBXBuildFile; fileRef = 30883E7C1F70A98200019D3A /* FJVideoPlayerController.m */; };
		30883EA01F70A98200019D3A /* NSBundle+FJImagePicker.m in Sources */ = {isa = PBXBuildFile; fileRef = 30883E7E1F70A98200019D3A /* NSBundle+FJImagePicker.m */; };
		30883EA11F70A98200019D3A /* ToastUtils.m in Sources */ = {isa = PBXBuildFile; fileRef = 30883E801F70A98200019D3A /* ToastUtils.m */; };
		30883EA21F70A98200019D3A /* UIView+Layout.m in Sources */ = {isa = PBXBuildFile; fileRef = 30883E821F70A98200019D3A /* UIView+Layout.m */; };
		30883EA31F70A98200019D3A /* UIViewController+FJCurrentViewController.m in Sources */ = {isa = PBXBuildFile; fileRef = 30883E841F70A98200019D3A /* UIViewController+FJCurrentViewController.m */; };
		30883EBE1F70C8A700019D3A /* FJPhotoPicker-Album.gif in Resources */ = {isa = PBXBuildFile; fileRef = 30883EB91F70C8A700019D3A /* FJPhotoPicker-Album.gif */; };
		30883EBF1F70C8A700019D3A /* FJPhotoPicker-Camera.gif in Resources */ = {isa = PBXBuildFile; fileRef = 30883EBA1F70C8A700019D3A /* FJPhotoPicker-Camera.gif */; };
		30883EC01F70C8A700019D3A /* FJPhotoPicker-NoAuthorization.gif in Resources */ = {isa = PBXBuildFile; fileRef = 30883EBB1F70C8A700019D3A /* FJPhotoPicker-NoAuthorization.gif */; };
		30883EC11F70C8A700019D3A /* FJPhotoPicker-Preview.gif in Resources */ = {isa = PBXBuildFile; fileRef = 30883EBC1F70C8A700019D3A /* FJPhotoPicker-Preview.gif */; };
		30883EC21F70C8A700019D3A /* FJPhotoPicker-SystemAlbum.gif in Resources */ = {isa = PBXBuildFile; fileRef = 30883EBD1F70C8A700019D3A /* FJPhotoPicker-SystemAlbum.gif */; };
		308F00031F7E3B08003CE28E /* btn_selected@2x.png in Resources */ = {isa = PBXBuildFile; fileRef = 308FFFFC1F7E3AE4003CE28E /* btn_selected@2x.png */; };
		308F00041F7E3B08003CE28E /* btn_unselected@2x.png in Resources */ = {isa = PBXBuildFile; fileRef = 308FFFFD1F7E3AE4003CE28E /* btn_unselected@2x.png */; };
		308F00051F7E3B08003CE28E /* FJCollectionCell.xib in Resources */ = {isa = PBXBuildFile; fileRef = 308FFFFE1F7E3AE4003CE28E /* FJCollectionCell.xib */; };
		308F00061F7E3B08003CE28E /* FJNoAuthorityViewController.xib in Resources */ = {isa = PBXBuildFile; fileRef = 308FFFFF1F7E3AE4003CE28E /* FJNoAuthorityViewController.xib */; };
		308F00071F7E3B08003CE28E /* FJPhotoActionSheet.xib in Resources */ = {isa = PBXBuildFile; fileRef = 308F00001F7E3AE4003CE28E /* FJPhotoActionSheet.xib */; };
		308F00081F7E3B08003CE28E /* FJPhotoPicker.bundle in Resources */ = {isa = PBXBuildFile; fileRef = 308F00011F7E3AE4003CE28E /* FJPhotoPicker.bundle */; };
		308F00091F7E3B08003CE28E /* lock.png in Resources */ = {isa = PBXBuildFile; fileRef = 308F00021F7E3AE4003CE28E /* lock.png */; };
/* End PBXBuildFile section */

/* Begin PBXContainerItemProxy section */
		3015BB341F6FF03F007A7035 /* PBXContainerItemProxy */ = {
			isa = PBXContainerItemProxy;
			containerPortal = 3015BB121F6FF03F007A7035 /* Project object */;
			proxyType = 1;
			remoteGlobalIDString = 3015BB191F6FF03F007A7035;
			remoteInfo = FJPhotoPickerDemo;
		};
		3015BB3F1F6FF03F007A7035 /* PBXContainerItemProxy */ = {
			isa = PBXContainerItemProxy;
			containerPortal = 3015BB121F6FF03F007A7035 /* Project object */;
			proxyType = 1;
			remoteGlobalIDString = 3015BB191F6FF03F007A7035;
			remoteInfo = FJPhotoPickerDemo;
		};
/* End PBXContainerItemProxy section */

/* Begin PBXFileReference section */
		3015BB1A1F6FF03F007A7035 /* FJPhotoPickerDemo.app */ = {isa = PBXFileReference; explicitFileType = wrapper.application; includeInIndex = 0; path = FJPhotoPickerDemo.app; sourceTree = BUILT_PRODUCTS_DIR; };
		3015BB1E1F6FF03F007A7035 /* main.m */ = {isa = PBXFileReference; lastKnownFileType = sourcecode.c.objc; path = main.m; sourceTree = "<group>"; };
		3015BB201F6FF03F007A7035 /* AppDelegate.h */ = {isa = PBXFileReference; lastKnownFileType = sourcecode.c.h; path = AppDelegate.h; sourceTree = "<group>"; };
		3015BB211F6FF03F007A7035 /* AppDelegate.m */ = {isa = PBXFileReference; lastKnownFileType = sourcecode.c.objc; path = AppDelegate.m; sourceTree = "<group>"; };
		3015BB271F6FF03F007A7035 /* Base */ = {isa = PBXFileReference; lastKnownFileType = file.storyboard; name = Base; path = Base.lproj/Main.storyboard; sourceTree = "<group>"; };
		3015BB291F6FF03F007A7035 /* Assets.xcassets */ = {isa = PBXFileReference; lastKnownFileType = folder.assetcatalog; path = Assets.xcassets; sourceTree = "<group>"; };
		3015BB2C1F6FF03F007A7035 /* Base */ = {isa = PBXFileReference; lastKnownFileType = file.storyboard; name = Base; path = Base.lproj/LaunchScreen.storyboard; sourceTree = "<group>"; };
		3015BB2E1F6FF03F007A7035 /* Info.plist */ = {isa = PBXFileReference; lastKnownFileType = text.plist.xml; path = Info.plist; sourceTree = "<group>"; };
		3015BB331F6FF03F007A7035 /* FJPhotoPickerDemoTests.xctest */ = {isa = PBXFileReference; explicitFileType = wrapper.cfbundle; includeInIndex = 0; path = FJPhotoPickerDemoTests.xctest; sourceTree = BUILT_PRODUCTS_DIR; };
		3015BB371F6FF03F007A7035 /* FJPhotoPickerDemoTests.m */ = {isa = PBXFileReference; lastKnownFileType = sourcecode.c.objc; path = FJPhotoPickerDemoTests.m; sourceTree = "<group>"; };
		3015BB391F6FF03F007A7035 /* Info.plist */ = {isa = PBXFileReference; lastKnownFileType = text.plist.xml; path = Info.plist; sourceTree = "<group>"; };
		3015BB3E1F6FF03F007A7035 /* FJPhotoPickerDemoUITests.xctest */ = {isa = PBXFileReference; explicitFileType = wrapper.cfbundle; includeInIndex = 0; path = FJPhotoPickerDemoUITests.xctest; sourceTree = BUILT_PRODUCTS_DIR; };
		3015BB421F6FF03F007A7035 /* FJPhotoPickerDemoUITests.m */ = {isa = PBXFileReference; lastKnownFileType = sourcecode.c.objc; path = FJPhotoPickerDemoUITests.m; sourceTree = "<group>"; };
		3015BB441F6FF03F007A7035 /* Info.plist */ = {isa = PBXFileReference; lastKnownFileType = text.plist.xml; path = Info.plist; sourceTree = "<group>"; };
		3015BBA61F6FF509007A7035 /* TestViewController.h */ = {isa = PBXFileReference; fileEncoding = 4; lastKnownFileType = sourcecode.c.h; path = TestViewController.h; sourceTree = "<group>"; };
		3015BBA71F6FF509007A7035 /* TestViewController.m */ = {isa = PBXFileReference; fileEncoding = 4; lastKnownFileType = sourcecode.c.objc; path = TestViewController.m; sourceTree = "<group>"; };
		3015BBA81F6FF509007A7035 /* TestViewController.xib */ = {isa = PBXFileReference; fileEncoding = 4; lastKnownFileType = file.xib; path = TestViewController.xib; sourceTree = "<group>"; };
		30883E531F70A98200019D3A /* FJAlbumPickerController.h */ = {isa = PBXFileReference; fileEncoding = 4; lastKnownFileType = sourcecode.c.h; path = FJAlbumPickerController.h; sourceTree = "<group>"; };
		30883E541F70A98200019D3A /* FJAlbumPickerController.m */ = {isa = PBXFileReference; fileEncoding = 4; lastKnownFileType = sourcecode.c.objc; path = FJAlbumPickerController.m; sourceTree = "<group>"; };
		30883E551F70A98200019D3A /* FJAssetCell.h */ = {isa = PBXFileReference; fileEncoding = 4; lastKnownFileType = sourcecode.c.h; path = FJAssetCell.h; sourceTree = "<group>"; };
		30883E561F70A98200019D3A /* FJAssetCell.m */ = {isa = PBXFileReference; fileEncoding = 4; lastKnownFileType = sourcecode.c.objc; path = FJAssetCell.m; sourceTree = "<group>"; };
		30883E571F70A98200019D3A /* FJAssetModel.h */ = {isa = PBXFileReference; fileEncoding = 4; lastKnownFileType = sourcecode.c.h; path = FJAssetModel.h; sourceTree = "<group>"; };
		30883E581F70A98200019D3A /* FJAssetModel.m */ = {isa = PBXFileReference; fileEncoding = 4; lastKnownFileType = sourcecode.c.objc; path = FJAssetModel.m; sourceTree = "<group>"; };
		30883E591F70A98200019D3A /* FJCollectionCell.h */ = {isa = PBXFileReference; fileEncoding = 4; lastKnownFileType = sourcecode.c.h; path = FJCollectionCell.h; sourceTree = "<group>"; };
		30883E5A1F70A98200019D3A /* FJCollectionCell.m */ = {isa = PBXFileReference; fileEncoding = 4; lastKnownFileType = sourcecode.c.objc; path = FJCollectionCell.m; sourceTree = "<group>"; };
		30883E5C1F70A98200019D3A /* FJDefine.h */ = {isa = PBXFileReference; fileEncoding = 4; lastKnownFileType = sourcecode.c.h; path = FJDefine.h; sourceTree = "<group>"; };
		30883E5D1F70A98200019D3A /* FJGifPhotoPreviewController.h */ = {isa = PBXFileReference; fileEncoding = 4; lastKnownFileType = sourcecode.c.h; path = FJGifPhotoPreviewController.h; sourceTree = "<group>"; };
		30883E5E1F70A98200019D3A /* FJGifPhotoPreviewController.m */ = {isa = PBXFileReference; fileEncoding = 4; lastKnownFileType = sourcecode.c.objc; path = FJGifPhotoPreviewController.m; sourceTree = "<group>"; };
		30883E5F1F70A98200019D3A /* FJImageCropManager.h */ = {isa = PBXFileReference; fileEncoding = 4; lastKnownFileType = sourcecode.c.h; path = FJImageCropManager.h; sourceTree = "<group>"; };
		30883E601F70A98200019D3A /* FJImageCropManager.m */ = {isa = PBXFileReference; fileEncoding = 4; lastKnownFileType = sourcecode.c.objc; path = FJImageCropManager.m; sourceTree = "<group>"; };
		30883E611F70A98200019D3A /* FJImageManager.h */ = {isa = PBXFileReference; fileEncoding = 4; lastKnownFileType = sourcecode.c.h; path = FJImageManager.h; sourceTree = "<group>"; };
		30883E621F70A98200019D3A /* FJImageManager.m */ = {isa = PBXFileReference; fileEncoding = 4; lastKnownFileType = sourcecode.c.objc; path = FJImageManager.m; sourceTree = "<group>"; };
		30883E631F70A98200019D3A /* FJImagePickerController.h */ = {isa = PBXFileReference; fileEncoding = 4; lastKnownFileType = sourcecode.c.h; path = FJImagePickerController.h; sourceTree = "<group>"; };
		30883E641F70A98200019D3A /* FJImagePickerController.m */ = {isa = PBXFileReference; fileEncoding = 4; lastKnownFileType = sourcecode.c.objc; path = FJImagePickerController.m; sourceTree = "<group>"; };
		30883E651F70A98200019D3A /* FJLocationManager.h */ = {isa = PBXFileReference; fileEncoding = 4; lastKnownFileType = sourcecode.c.h; path = FJLocationManager.h; sourceTree = "<group>"; };
		30883E661F70A98200019D3A /* FJLocationManager.m */ = {isa = PBXFileReference; fileEncoding = 4; lastKnownFileType = sourcecode.c.objc; path = FJLocationManager.m; sourceTree = "<group>"; };
		30883E671F70A98200019D3A /* FJNoAuthorityViewController.h */ = {isa = PBXFileReference; fileEncoding = 4; lastKnownFileType = sourcecode.c.h; path = FJNoAuthorityViewController.h; sourceTree = "<group>"; };
		30883E681F70A98200019D3A /* FJNoAuthorityViewController.m */ = {isa = PBXFileReference; fileEncoding = 4; lastKnownFileType = sourcecode.c.objc; path = FJNoAuthorityViewController.m; sourceTree = "<group>"; };
		30883E6A1F70A98200019D3A /* FJPhotoActionSheet.h */ = {isa = PBXFileReference; fileEncoding = 4; lastKnownFileType = sourcecode.c.h; path = FJPhotoActionSheet.h; sourceTree = "<group>"; };
		30883E6B1F70A98200019D3A /* FJPhotoActionSheet.m */ = {isa = PBXFileReference; fileEncoding = 4; lastKnownFileType = sourcecode.c.objc; path = FJPhotoActionSheet.m; sourceTree = "<group>"; };
		30883E6D1F70A98200019D3A /* FJPhotoPickerController.h */ = {isa = PBXFileReference; fileEncoding = 4; lastKnownFileType = sourcecode.c.h; path = FJPhotoPickerController.h; sourceTree = "<group>"; };
		30883E6E1F70A98200019D3A /* FJPhotoPickerController.m */ = {isa = PBXFileReference; fileEncoding = 4; lastKnownFileType = sourcecode.c.objc; path = FJPhotoPickerController.m; sourceTree = "<group>"; };
		30883E6F1F70A98200019D3A /* FJPhotoPreviewCell.h */ = {isa = PBXFileReference; fileEncoding = 4; lastKnownFileType = sourcecode.c.h; path = FJPhotoPreviewCell.h; sourceTree = "<group>"; };
		30883E701F70A98200019D3A /* FJPhotoPreviewCell.m */ = {isa = PBXFileReference; fileEncoding = 4; lastKnownFileType = sourcecode.c.objc; path = FJPhotoPreviewCell.m; sourceTree = "<group>"; };
		30883E711F70A98200019D3A /* FJPhotoPreviewController.h */ = {isa = PBXFileReference; fileEncoding = 4; lastKnownFileType = sourcecode.c.h; path = FJPhotoPreviewController.h; sourceTree = "<group>"; };
		30883E721F70A98200019D3A /* FJPhotoPreviewController.m */ = {isa = PBXFileReference; fileEncoding = 4; lastKnownFileType = sourcecode.c.objc; path = FJPhotoPreviewController.m; sourceTree = "<group>"; };
		30883E731F70A98200019D3A /* FJPhotoTool.h */ = {isa = PBXFileReference; fileEncoding = 4; lastKnownFileType = sourcecode.c.h; path = FJPhotoTool.h; sourceTree = "<group>"; };
		30883E741F70A98200019D3A /* FJPhotoTool.m */ = {isa = PBXFileReference; fileEncoding = 4; lastKnownFileType = sourcecode.c.objc; path = FJPhotoTool.m; sourceTree = "<group>"; };
		30883E751F70A98200019D3A /* FJProgressHUD.h */ = {isa = PBXFileReference; fileEncoding = 4; lastKnownFileType = sourcecode.c.h; path = FJProgressHUD.h; sourceTree = "<group>"; };
		30883E761F70A98200019D3A /* FJProgressHUD.m */ = {isa = PBXFileReference; fileEncoding = 4; lastKnownFileType = sourcecode.c.objc; path = FJProgressHUD.m; sourceTree = "<group>"; };
		30883E771F70A98200019D3A /* FJProgressView.h */ = {isa = PBXFileReference; fileEncoding = 4; lastKnownFileType = sourcecode.c.h; path = FJProgressView.h; sourceTree = "<group>"; };
		30883E781F70A98200019D3A /* FJProgressView.m */ = {isa = PBXFileReference; fileEncoding = 4; lastKnownFileType = sourcecode.c.objc; path = FJProgressView.m; sourceTree = "<group>"; };
		30883E791F70A98200019D3A /* FJSelectPhotoTool.h */ = {isa = PBXFileReference; fileEncoding = 4; lastKnownFileType = sourcecode.c.h; path = FJSelectPhotoTool.h; sourceTree = "<group>"; };
		30883E7A1F70A98200019D3A /* FJSelectPhotoTool.m */ = {isa = PBXFileReference; fileEncoding = 4; lastKnownFileType = sourcecode.c.objc; path = FJSelectPhotoTool.m; sourceTree = "<group>"; };
		30883E7B1F70A98200019D3A /* FJVideoPlayerController.h */ = {isa = PBXFileReference; fileEncoding = 4; lastKnownFileType = sourcecode.c.h; path = FJVideoPlayerController.h; sourceTree = "<group>"; };
		30883E7C1F70A98200019D3A /* FJVideoPlayerController.m */ = {isa = PBXFileReference; fileEncoding = 4; lastKnownFileType = sourcecode.c.objc; path = FJVideoPlayerController.m; sourceTree = "<group>"; };
		30883E7D1F70A98200019D3A /* NSBundle+FJImagePicker.h */ = {isa = PBXFileReference; fileEncoding = 4; lastKnownFileType = sourcecode.c.h; path = "NSBundle+FJImagePicker.h"; sourceTree = "<group>"; };
		30883E7E1F70A98200019D3A /* NSBundle+FJImagePicker.m */ = {isa = PBXFileReference; fileEncoding = 4; lastKnownFileType = sourcecode.c.objc; path = "NSBundle+FJImagePicker.m"; sourceTree = "<group>"; };
		30883E7F1F70A98200019D3A /* ToastUtils.h */ = {isa = PBXFileReference; fileEncoding = 4; lastKnownFileType = sourcecode.c.h; path = ToastUtils.h; sourceTree = "<group>"; };
		30883E801F70A98200019D3A /* ToastUtils.m */ = {isa = PBXFileReference; fileEncoding = 4; lastKnownFileType = sourcecode.c.objc; path = ToastUtils.m; sourceTree = "<group>"; };
		30883E811F70A98200019D3A /* UIView+Layout.h */ = {isa = PBXFileReference; fileEncoding = 4; lastKnownFileType = sourcecode.c.h; path = "UIView+Layout.h"; sourceTree = "<group>"; };
		30883E821F70A98200019D3A /* UIView+Layout.m */ = {isa = PBXFileReference; fileEncoding = 4; lastKnownFileType = sourcecode.c.objc; path = "UIView+Layout.m"; sourceTree = "<group>"; };
		30883E831F70A98200019D3A /* UIViewController+FJCurrentViewController.h */ = {isa = PBXFileReference; fileEncoding = 4; lastKnownFileType = sourcecode.c.h; path = "UIViewController+FJCurrentViewController.h"; sourceTree = "<group>"; };
		30883E841F70A98200019D3A /* UIViewController+FJCurrentViewController.m */ = {isa = PBXFileReference; fileEncoding = 4; lastKnownFileType = sourcecode.c.objc; path = "UIViewController+FJCurrentViewController.m"; sourceTree = "<group>"; };
		30883EB91F70C8A700019D3A /* FJPhotoPicker-Album.gif */ = {isa = PBXFileReference; lastKnownFileType = image.gif; path = "FJPhotoPicker-Album.gif"; sourceTree = "<group>"; };
		30883EBA1F70C8A700019D3A /* FJPhotoPicker-Camera.gif */ = {isa = PBXFileReference; lastKnownFileType = image.gif; path = "FJPhotoPicker-Camera.gif"; sourceTree = "<group>"; };
		30883EBB1F70C8A700019D3A /* FJPhotoPicker-NoAuthorization.gif */ = {isa = PBXFileReference; lastKnownFileType = image.gif; path = "FJPhotoPicker-NoAuthorization.gif"; sourceTree = "<group>"; };
		30883EBC1F70C8A700019D3A /* FJPhotoPicker-Preview.gif */ = {isa = PBXFileReference; lastKnownFileType = image.gif; path = "FJPhotoPicker-Preview.gif"; sourceTree = "<group>"; };
		30883EBD1F70C8A700019D3A /* FJPhotoPicker-SystemAlbum.gif */ = {isa = PBXFileReference; lastKnownFileType = image.gif; path = "FJPhotoPicker-SystemAlbum.gif"; sourceTree = "<group>"; };
		308F00001F7E3AE4003CE28E /* FJPhotoActionSheet.xib */ = {isa = PBXFileReference; lastKnownFileType = file.xib; path = FJPhotoActionSheet.xib; sourceTree = "<group>"; };
		308F00011F7E3AE4003CE28E /* FJPhotoPicker.bundle */ = {isa = PBXFileReference; lastKnownFileType = "wrapper.plug-in"; path = FJPhotoPicker.bundle; sourceTree = "<group>"; };
		308F00021F7E3AE4003CE28E /* lock.png */ = {isa = PBXFileReference; lastKnownFileType = image.png; path = lock.png; sourceTree = "<group>"; };
		308FFFFC1F7E3AE4003CE28E /* btn_selected@2x.png */ = {isa = PBXFileReference; lastKnownFileType = image.png; path = "btn_selected@2x.png"; sourceTree = "<group>"; };
		308FFFFD1F7E3AE4003CE28E /* btn_unselected@2x.png */ = {isa = PBXFileReference; lastKnownFileType = image.png; path = "btn_unselected@2x.png"; sourceTree = "<group>"; };
		308FFFFE1F7E3AE4003CE28E /* FJCollectionCell.xib */ = {isa = PBXFileReference; lastKnownFileType = file.xib; path = FJCollectionCell.xib; sourceTree = "<group>"; };
		308FFFFF1F7E3AE4003CE28E /* FJNoAuthorityViewController.xib */ = {isa = PBXFileReference; lastKnownFileType = file.xib; path = FJNoAuthorityViewController.xib; sourceTree = "<group>"; };
/* End PBXFileReference section */

/* Begin PBXFrameworksBuildPhase section */
		3015BB171F6FF03F007A7035 /* Frameworks */ = {
			isa = PBXFrameworksBuildPhase;
			buildActionMask = 2147483647;
			files = (
			);
			runOnlyForDeploymentPostprocessing = 0;
		};
		3015BB301F6FF03F007A7035 /* Frameworks */ = {
			isa = PBXFrameworksBuildPhase;
			buildActionMask = 2147483647;
			files = (
			);
			runOnlyForDeploymentPostprocessing = 0;
		};
		3015BB3B1F6FF03F007A7035 /* Frameworks */ = {
			isa = PBXFrameworksBuildPhase;
			buildActionMask = 2147483647;
			files = (
			);
			runOnlyForDeploymentPostprocessing = 0;
		};
/* End PBXFrameworksBuildPhase section */

/* Begin PBXGroup section */
		3015BB111F6FF03F007A7035 = {
			isa = PBXGroup;
			children = (
				30883E511F70A98200019D3A /* FJPhotoPicker */,
				3015BB1C1F6FF03F007A7035 /* FJPhotoPickerDemo */,
				3015BB361F6FF03F007A7035 /* FJPhotoPickerDemoTests */,
				3015BB411F6FF03F007A7035 /* FJPhotoPickerDemoUITests */,
				3015BB1B1F6FF03F007A7035 /* Products */,
			);
			sourceTree = "<group>";
		};
		3015BB1B1F6FF03F007A7035 /* Products */ = {
			isa = PBXGroup;
			children = (
				3015BB1A1F6FF03F007A7035 /* FJPhotoPickerDemo.app */,
				3015BB331F6FF03F007A7035 /* FJPhotoPickerDemoTests.xctest */,
				3015BB3E1F6FF03F007A7035 /* FJPhotoPickerDemoUITests.xctest */,
			);
			name = Products;
			sourceTree = "<group>";
		};
		3015BB1C1F6FF03F007A7035 /* FJPhotoPickerDemo */ = {
			isa = PBXGroup;
			children = (
				30883EB81F70C8A700019D3A /* Snapshots */,
				3015BB201F6FF03F007A7035 /* AppDelegate.h */,
				3015BB211F6FF03F007A7035 /* AppDelegate.m */,
				3015BBA61F6FF509007A7035 /* TestViewController.h */,
				3015BBA71F6FF509007A7035 /* TestViewController.m */,
				3015BBA81F6FF509007A7035 /* TestViewController.xib */,
				3015BB261F6FF03F007A7035 /* Main.storyboard */,
				3015BB291F6FF03F007A7035 /* Assets.xcassets */,
				3015BB2B1F6FF03F007A7035 /* LaunchScreen.storyboard */,
				3015BB2E1F6FF03F007A7035 /* Info.plist */,
				3015BB1D1F6FF03F007A7035 /* Supporting Files */,
			);
			path = FJPhotoPickerDemo;
			sourceTree = "<group>";
		};
		3015BB1D1F6FF03F007A7035 /* Supporting Files */ = {
			isa = PBXGroup;
			children = (
				3015BB1E1F6FF03F007A7035 /* main.m */,
			);
			name = "Supporting Files";
			sourceTree = "<group>";
		};
		3015BB361F6FF03F007A7035 /* FJPhotoPickerDemoTests */ = {
			isa = PBXGroup;
			children = (
				3015BB371F6FF03F007A7035 /* FJPhotoPickerDemoTests.m */,
				3015BB391F6FF03F007A7035 /* Info.plist */,
			);
			path = FJPhotoPickerDemoTests;
			sourceTree = "<group>";
		};
		3015BB411F6FF03F007A7035 /* FJPhotoPickerDemoUITests */ = {
			isa = PBXGroup;
			children = (
				3015BB421F6FF03F007A7035 /* FJPhotoPickerDemoUITests.m */,
				3015BB441F6FF03F007A7035 /* Info.plist */,
			);
			path = FJPhotoPickerDemoUITests;
			sourceTree = "<group>";
		};
		30883E511F70A98200019D3A /* FJPhotoPicker */ = {
			isa = PBXGroup;
			children = (
				30883E521F70A98200019D3A /* FJPhotoPickerInfo */,
				308FFFFB1F7E3AE4003CE28E /* Resources */,
			);
			path = FJPhotoPicker;
			sourceTree = "<group>";
		};
		30883E521F70A98200019D3A /* FJPhotoPickerInfo */ = {
			isa = PBXGroup;
			children = (
				30883E5C1F70A98200019D3A /* FJDefine.h */,
				30883E531F70A98200019D3A /* FJAlbumPickerController.h */,
				30883E541F70A98200019D3A /* FJAlbumPickerController.m */,
				30883E551F70A98200019D3A /* FJAssetCell.h */,
				30883E561F70A98200019D3A /* FJAssetCell.m */,
				30883E571F70A98200019D3A /* FJAssetModel.h */,
				30883E581F70A98200019D3A /* FJAssetModel.m */,
				30883E591F70A98200019D3A /* FJCollectionCell.h */,
				30883E5A1F70A98200019D3A /* FJCollectionCell.m */,
				30883E5D1F70A98200019D3A /* FJGifPhotoPreviewController.h */,
				30883E5E1F70A98200019D3A /* FJGifPhotoPreviewController.m */,
				30883E5F1F70A98200019D3A /* FJImageCropManager.h */,
				30883E601F70A98200019D3A /* FJImageCropManager.m */,
				30883E611F70A98200019D3A /* FJImageManager.h */,
				30883E621F70A98200019D3A /* FJImageManager.m */,
				30883E631F70A98200019D3A /* FJImagePickerController.h */,
				30883E641F70A98200019D3A /* FJImagePickerController.m */,
				30883E651F70A98200019D3A /* FJLocationManager.h */,
				30883E661F70A98200019D3A /* FJLocationManager.m */,
				30883E671F70A98200019D3A /* FJNoAuthorityViewController.h */,
				30883E681F70A98200019D3A /* FJNoAuthorityViewController.m */,
				30883E6A1F70A98200019D3A /* FJPhotoActionSheet.h */,
				30883E6B1F70A98200019D3A /* FJPhotoActionSheet.m */,
				30883E6D1F70A98200019D3A /* FJPhotoPickerController.h */,
				30883E6E1F70A98200019D3A /* FJPhotoPickerController.m */,
				30883E6F1F70A98200019D3A /* FJPhotoPreviewCell.h */,
				30883E701F70A98200019D3A /* FJPhotoPreviewCell.m */,
				30883E711F70A98200019D3A /* FJPhotoPreviewController.h */,
				30883E721F70A98200019D3A /* FJPhotoPreviewController.m */,
				30883E731F70A98200019D3A /* FJPhotoTool.h */,
				30883E741F70A98200019D3A /* FJPhotoTool.m */,
				30883E751F70A98200019D3A /* FJProgressHUD.h */,
				30883E761F70A98200019D3A /* FJProgressHUD.m */,
				30883E771F70A98200019D3A /* FJProgressView.h */,
				30883E781F70A98200019D3A /* FJProgressView.m */,
				30883E791F70A98200019D3A /* FJSelectPhotoTool.h */,
				30883E7A1F70A98200019D3A /* FJSelectPhotoTool.m */,
				30883E7B1F70A98200019D3A /* FJVideoPlayerController.h */,
				30883E7C1F70A98200019D3A /* FJVideoPlayerController.m */,
				30883E7D1F70A98200019D3A /* NSBundle+FJImagePicker.h */,
				30883E7E1F70A98200019D3A /* NSBundle+FJImagePicker.m */,
				30883E7F1F70A98200019D3A /* ToastUtils.h */,
				30883E801F70A98200019D3A /* ToastUtils.m */,
				30883E811F70A98200019D3A /* UIView+Layout.h */,
				30883E821F70A98200019D3A /* UIView+Layout.m */,
				30883E831F70A98200019D3A /* UIViewController+FJCurrentViewController.h */,
				30883E841F70A98200019D3A /* UIViewController+FJCurrentViewController.m */,
			);
			path = FJPhotoPickerInfo;
			sourceTree = "<group>";
		};
		30883EB81F70C8A700019D3A /* Snapshots */ = {
			isa = PBXGroup;
			children = (
				30883EB91F70C8A700019D3A /* FJPhotoPicker-Album.gif */,
				30883EBA1F70C8A700019D3A /* FJPhotoPicker-Camera.gif */,
				30883EBB1F70C8A700019D3A /* FJPhotoPicker-NoAuthorization.gif */,
				30883EBC1F70C8A700019D3A /* FJPhotoPicker-Preview.gif */,
				30883EBD1F70C8A700019D3A /* FJPhotoPicker-SystemAlbum.gif */,
			);
			path = Snapshots;
			sourceTree = "<group>";
		};
		308FFFFB1F7E3AE4003CE28E /* Resources */ = {
			isa = PBXGroup;
			children = (
				308F00021F7E3AE4003CE28E /* lock.png */,
				308FFFFC1F7E3AE4003CE28E /* btn_selected@2x.png */,
				308FFFFD1F7E3AE4003CE28E /* btn_unselected@2x.png */,
				308FFFFE1F7E3AE4003CE28E /* FJCollectionCell.xib */,
				308FFFFF1F7E3AE4003CE28E /* FJNoAuthorityViewController.xib */,
				308F00001F7E3AE4003CE28E /* FJPhotoActionSheet.xib */,
				308F00011F7E3AE4003CE28E /* FJPhotoPicker.bundle */,
			);
			path = Resources;
			sourceTree = "<group>";
		};
/* End PBXGroup section */

/* Begin PBXNativeTarget section */
		3015BB191F6FF03F007A7035 /* FJPhotoPickerDemo */ = {
			isa = PBXNativeTarget;
			buildConfigurationList = 3015BB471F6FF03F007A7035 /* Build configuration list for PBXNativeTarget "FJPhotoPickerDemo" */;
			buildPhases = (
				3015BB161F6FF03F007A7035 /* Sources */,
				3015BB171F6FF03F007A7035 /* Frameworks */,
				3015BB181F6FF03F007A7035 /* Resources */,
			);
			buildRules = (
			);
			dependencies = (
			);
			name = FJPhotoPickerDemo;
			productName = FJPhotoPickerDemo;
			productReference = 3015BB1A1F6FF03F007A7035 /* FJPhotoPickerDemo.app */;
			productType = "com.apple.product-type.application";
		};
		3015BB321F6FF03F007A7035 /* FJPhotoPickerDemoTests */ = {
			isa = PBXNativeTarget;
			buildConfigurationList = 3015BB4A1F6FF03F007A7035 /* Build configuration list for PBXNativeTarget "FJPhotoPickerDemoTests" */;
			buildPhases = (
				3015BB2F1F6FF03F007A7035 /* Sources */,
				3015BB301F6FF03F007A7035 /* Frameworks */,
				3015BB311F6FF03F007A7035 /* Resources */,
			);
			buildRules = (
			);
			dependencies = (
				3015BB351F6FF03F007A7035 /* PBXTargetDependency */,
			);
			name = FJPhotoPickerDemoTests;
			productName = FJPhotoPickerDemoTests;
			productReference = 3015BB331F6FF03F007A7035 /* FJPhotoPickerDemoTests.xctest */;
			productType = "com.apple.product-type.bundle.unit-test";
		};
		3015BB3D1F6FF03F007A7035 /* FJPhotoPickerDemoUITests */ = {
			isa = PBXNativeTarget;
			buildConfigurationList = 3015BB4D1F6FF03F007A7035 /* Build configuration list for PBXNativeTarget "FJPhotoPickerDemoUITests" */;
			buildPhases = (
				3015BB3A1F6FF03F007A7035 /* Sources */,
				3015BB3B1F6FF03F007A7035 /* Frameworks */,
				3015BB3C1F6FF03F007A7035 /* Resources */,
			);
			buildRules = (
			);
			dependencies = (
				3015BB401F6FF03F007A7035 /* PBXTargetDependency */,
			);
			name = FJPhotoPickerDemoUITests;
			productName = FJPhotoPickerDemoUITests;
			productReference = 3015BB3E1F6FF03F007A7035 /* FJPhotoPickerDemoUITests.xctest */;
			productType = "com.apple.product-type.bundle.ui-testing";
		};
/* End PBXNativeTarget section */

/* Begin PBXProject section */
		3015BB121F6FF03F007A7035 /* Project object */ = {
			isa = PBXProject;
			attributes = {
				LastUpgradeCheck = 0830;
				ORGANIZATIONNAME = fjf;
				TargetAttributes = {
					3015BB191F6FF03F007A7035 = {
						CreatedOnToolsVersion = 8.3.3;
						DevelopmentTeam = L8R666257B;
						ProvisioningStyle = Automatic;
					};
					3015BB321F6FF03F007A7035 = {
						CreatedOnToolsVersion = 8.3.3;
						ProvisioningStyle = Automatic;
						TestTargetID = 3015BB191F6FF03F007A7035;
					};
					3015BB3D1F6FF03F007A7035 = {
						CreatedOnToolsVersion = 8.3.3;
						ProvisioningStyle = Automatic;
						TestTargetID = 3015BB191F6FF03F007A7035;
					};
				};
			};
			buildConfigurationList = 3015BB151F6FF03F007A7035 /* Build configuration list for PBXProject "FJPhotoPickerDemo" */;
			compatibilityVersion = "Xcode 3.2";
			developmentRegion = English;
			hasScannedForEncodings = 0;
			knownRegions = (
				en,
				Base,
			);
			mainGroup = 3015BB111F6FF03F007A7035;
			productRefGroup = 3015BB1B1F6FF03F007A7035 /* Products */;
			projectDirPath = "";
			projectRoot = "";
			targets = (
				3015BB191F6FF03F007A7035 /* FJPhotoPickerDemo */,
				3015BB321F6FF03F007A7035 /* FJPhotoPickerDemoTests */,
				3015BB3D1F6FF03F007A7035 /* FJPhotoPickerDemoUITests */,
			);
		};
/* End PBXProject section */

/* Begin PBXResourcesBuildPhase section */
		3015BB181F6FF03F007A7035 /* Resources */ = {
			isa = PBXResourcesBuildPhase;
			buildActionMask = 2147483647;
			files = (
				308F00031F7E3B08003CE28E /* btn_selected@2x.png in Resources */,
				308F00041F7E3B08003CE28E /* btn_unselected@2x.png in Resources */,
				308F00051F7E3B08003CE28E /* FJCollectionCell.xib in Resources */,
				308F00061F7E3B08003CE28E /* FJNoAuthorityViewController.xib in Resources */,
				308F00071F7E3B08003CE28E /* FJPhotoActionSheet.xib in Resources */,
				308F00081F7E3B08003CE28E /* FJPhotoPicker.bundle in Resources */,
				308F00091F7E3B08003CE28E /* lock.png in Resources */,
				30883EC11F70C8A700019D3A /* FJPhotoPicker-Preview.gif in Resources */,
				3015BBAA1F6FF509007A7035 /* TestViewController.xib in Resources */,
				30883EBE1F70C8A700019D3A /* FJPhotoPicker-Album.gif in Resources */,
				3015BB2D1F6FF03F007A7035 /* LaunchScreen.storyboard in Resources */,
				3015BB2A1F6FF03F007A7035 /* Assets.xcassets in Resources */,
				30883EC21F70C8A700019D3A /* FJPhotoPicker-SystemAlbum.gif in Resources */,
				3015BB281F6FF03F007A7035 /* Main.storyboard in Resources */,
				30883EC01F70C8A700019D3A /* FJPhotoPicker-NoAuthorization.gif in Resources */,
				30883EBF1F70C8A700019D3A /* FJPhotoPicker-Camera.gif in Resources */,
			);
			runOnlyForDeploymentPostprocessing = 0;
		};
		3015BB311F6FF03F007A7035 /* Resources */ = {
			isa = PBXResourcesBuildPhase;
			buildActionMask = 2147483647;
			files = (
			);
			runOnlyForDeploymentPostprocessing = 0;
		};
		3015BB3C1F6FF03F007A7035 /* Resources */ = {
			isa = PBXResourcesBuildPhase;
			buildActionMask = 2147483647;
			files = (
			);
			runOnlyForDeploymentPostprocessing = 0;
		};
/* End PBXResourcesBuildPhase section */

/* Begin PBXSourcesBuildPhase section */
		3015BB161F6FF03F007A7035 /* Sources */ = {
			isa = PBXSourcesBuildPhase;
			buildActionMask = 2147483647;
			files = (
				30883E921F70A98200019D3A /* FJImagePickerController.m in Sources */,
				3015BB221F6FF03F007A7035 /* AppDelegate.m in Sources */,
				30883E961F70A98200019D3A /* FJPhotoActionSheet.m in Sources */,
				30883EA21F70A98200019D3A /* UIView+Layout.m in Sources */,
				30883E9D1F70A98200019D3A /* FJProgressView.m in Sources */,
				30883E8B1F70A98200019D3A /* FJAssetCell.m in Sources */,
				3015BB1F1F6FF03F007A7035 /* main.m in Sources */,
				30883E8D1F70A98200019D3A /* FJCollectionCell.m in Sources */,
				30883E9B1F70A98200019D3A /* FJPhotoTool.m in Sources */,
				3015BBA91F6FF509007A7035 /* TestViewController.m in Sources */,
				30883E941F70A98200019D3A /* FJNoAuthorityViewController.m in Sources */,
				30883EA01F70A98200019D3A /* NSBundle+FJImagePicker.m in Sources */,
				30883E981F70A98200019D3A /* FJPhotoPickerController.m in Sources */,
				30883E9A1F70A98200019D3A /* FJPhotoPreviewController.m in Sources */,
				30883E931F70A98200019D3A /* FJLocationManager.m in Sources */,
				30883EA31F70A98200019D3A /* UIViewController+FJCurrentViewController.m in Sources */,
				30883E8C1F70A98200019D3A /* FJAssetModel.m in Sources */,
				30883E9F1F70A98200019D3A /* FJVideoPlayerController.m in Sources */,
				30883E991F70A98200019D3A /* FJPhotoPreviewCell.m in Sources */,
				30883E9C1F70A98200019D3A /* FJProgressHUD.m in Sources */,
				30883E901F70A98200019D3A /* FJImageCropManager.m in Sources */,
				30883EA11F70A98200019D3A /* ToastUtils.m in Sources */,
				30883E8F1F70A98200019D3A /* FJGifPhotoPreviewController.m in Sources */,
				30883E8A1F70A98200019D3A /* FJAlbumPickerController.m in Sources */,
				30883E9E1F70A98200019D3A /* FJSelectPhotoTool.m in Sources */,
				30883E911F70A98200019D3A /* FJImageManager.m in Sources */,
			);
			runOnlyForDeploymentPostprocessing = 0;
		};
		3015BB2F1F6FF03F007A7035 /* Sources */ = {
			isa = PBXSourcesBuildPhase;
			buildActionMask = 2147483647;
			files = (
				3015BB381F6FF03F007A7035 /* FJPhotoPickerDemoTests.m in Sources */,
			);
			runOnlyForDeploymentPostprocessing = 0;
		};
		3015BB3A1F6FF03F007A7035 /* Sources */ = {
			isa = PBXSourcesBuildPhase;
			buildActionMask = 2147483647;
			files = (
				3015BB431F6FF03F007A7035 /* FJPhotoPickerDemoUITests.m in Sources */,
			);
			runOnlyForDeploymentPostprocessing = 0;
		};
/* End PBXSourcesBuildPhase section */

/* Begin PBXTargetDependency section */
		3015BB351F6FF03F007A7035 /* PBXTargetDependency */ = {
			isa = PBXTargetDependency;
			target = 3015BB191F6FF03F007A7035 /* FJPhotoPickerDemo */;
			targetProxy = 3015BB341F6FF03F007A7035 /* PBXContainerItemProxy */;
		};
		3015BB401F6FF03F007A7035 /* PBXTargetDependency */ = {
			isa = PBXTargetDependency;
			target = 3015BB191F6FF03F007A7035 /* FJPhotoPickerDemo */;
			targetProxy = 3015BB3F1F6FF03F007A7035 /* PBXContainerItemProxy */;
		};
/* End PBXTargetDependency section */

/* Begin PBXVariantGroup section */
		3015BB261F6FF03F007A7035 /* Main.storyboard */ = {
			isa = PBXVariantGroup;
			children = (
				3015BB271F6FF03F007A7035 /* Base */,
			);
			name = Main.storyboard;
			sourceTree = "<group>";
		};
		3015BB2B1F6FF03F007A7035 /* LaunchScreen.storyboard */ = {
			isa = PBXVariantGroup;
			children = (
				3015BB2C1F6FF03F007A7035 /* Base */,
			);
			name = LaunchScreen.storyboard;
			sourceTree = "<group>";
		};
/* End PBXVariantGroup section */

/* Begin XCBuildConfiguration section */
		3015BB451F6FF03F007A7035 /* Debug */ = {
			isa = XCBuildConfiguration;
			buildSettings = {
				ALWAYS_SEARCH_USER_PATHS = NO;
				CLANG_ANALYZER_NONNULL = YES;
				CLANG_ANALYZER_NUMBER_OBJECT_CONVERSION = YES_AGGRESSIVE;
				CLANG_CXX_LANGUAGE_STANDARD = "gnu++0x";
				CLANG_CXX_LIBRARY = "libc++";
				CLANG_ENABLE_MODULES = YES;
				CLANG_ENABLE_OBJC_ARC = YES;
				CLANG_WARN_BOOL_CONVERSION = YES;
				CLANG_WARN_CONSTANT_CONVERSION = YES;
				CLANG_WARN_DIRECT_OBJC_ISA_USAGE = YES_ERROR;
				CLANG_WARN_DOCUMENTATION_COMMENTS = YES;
				CLANG_WARN_EMPTY_BODY = YES;
				CLANG_WARN_ENUM_CONVERSION = YES;
				CLANG_WARN_INFINITE_RECURSION = YES;
				CLANG_WARN_INT_CONVERSION = YES;
				CLANG_WARN_OBJC_ROOT_CLASS = YES_ERROR;
				CLANG_WARN_SUSPICIOUS_MOVE = YES;
				CLANG_WARN_UNREACHABLE_CODE = YES;
				CLANG_WARN__DUPLICATE_METHOD_MATCH = YES;
				"CODE_SIGN_IDENTITY[sdk=iphoneos*]" = "iPhone Developer";
				COPY_PHASE_STRIP = NO;
				DEBUG_INFORMATION_FORMAT = dwarf;
				ENABLE_STRICT_OBJC_MSGSEND = YES;
				ENABLE_TESTABILITY = YES;
				GCC_C_LANGUAGE_STANDARD = gnu99;
				GCC_DYNAMIC_NO_PIC = NO;
				GCC_NO_COMMON_BLOCKS = YES;
				GCC_OPTIMIZATION_LEVEL = 0;
				GCC_PREPROCESSOR_DEFINITIONS = (
					"DEBUG=1",
					"$(inherited)",
				);
				GCC_WARN_64_TO_32_BIT_CONVERSION = YES;
				GCC_WARN_ABOUT_RETURN_TYPE = YES_ERROR;
				GCC_WARN_UNDECLARED_SELECTOR = YES;
				GCC_WARN_UNINITIALIZED_AUTOS = YES_AGGRESSIVE;
				GCC_WARN_UNUSED_FUNCTION = YES;
				GCC_WARN_UNUSED_VARIABLE = YES;
				IPHONEOS_DEPLOYMENT_TARGET = 10.3;
				MTL_ENABLE_DEBUG_INFO = YES;
				ONLY_ACTIVE_ARCH = YES;
				SDKROOT = iphoneos;
				TARGETED_DEVICE_FAMILY = "1,2";
			};
			name = Debug;
		};
		3015BB461F6FF03F007A7035 /* Release */ = {
			isa = XCBuildConfiguration;
			buildSettings = {
				ALWAYS_SEARCH_USER_PATHS = NO;
				CLANG_ANALYZER_NONNULL = YES;
				CLANG_ANALYZER_NUMBER_OBJECT_CONVERSION = YES_AGGRESSIVE;
				CLANG_CXX_LANGUAGE_STANDARD = "gnu++0x";
				CLANG_CXX_LIBRARY = "libc++";
				CLANG_ENABLE_MODULES = YES;
				CLANG_ENABLE_OBJC_ARC = YES;
				CLANG_WARN_BOOL_CONVERSION = YES;
				CLANG_WARN_CONSTANT_CONVERSION = YES;
				CLANG_WARN_DIRECT_OBJC_ISA_USAGE = YES_ERROR;
				CLANG_WARN_DOCUMENTATION_COMMENTS = YES;
				CLANG_WARN_EMPTY_BODY = YES;
				CLANG_WARN_ENUM_CONVERSION = YES;
				CLANG_WARN_INFINITE_RECURSION = YES;
				CLANG_WARN_INT_CONVERSION = YES;
				CLANG_WARN_OBJC_ROOT_CLASS = YES_ERROR;
				CLANG_WARN_SUSPICIOUS_MOVE = YES;
				CLANG_WARN_UNREACHABLE_CODE = YES;
				CLANG_WARN__DUPLICATE_METHOD_MATCH = YES;
				"CODE_SIGN_IDENTITY[sdk=iphoneos*]" = "iPhone Developer";
				COPY_PHASE_STRIP = NO;
				DEBUG_INFORMATION_FORMAT = "dwarf-with-dsym";
				ENABLE_NS_ASSERTIONS = NO;
				ENABLE_STRICT_OBJC_MSGSEND = YES;
				GCC_C_LANGUAGE_STANDARD = gnu99;
				GCC_NO_COMMON_BLOCKS = YES;
				GCC_WARN_64_TO_32_BIT_CONVERSION = YES;
				GCC_WARN_ABOUT_RETURN_TYPE = YES_ERROR;
				GCC_WARN_UNDECLARED_SELECTOR = YES;
				GCC_WARN_UNINITIALIZED_AUTOS = YES_AGGRESSIVE;
				GCC_WARN_UNUSED_FUNCTION = YES;
				GCC_WARN_UNUSED_VARIABLE = YES;
				IPHONEOS_DEPLOYMENT_TARGET = 10.3;
				MTL_ENABLE_DEBUG_INFO = NO;
				SDKROOT = iphoneos;
				TARGETED_DEVICE_FAMILY = "1,2";
				VALIDATE_PRODUCT = YES;
			};
			name = Release;
		};
		3015BB481F6FF03F007A7035 /* Debug */ = {
			isa = XCBuildConfiguration;
			buildSettings = {
				ASSETCATALOG_COMPILER_APPICON_NAME = AppIcon;
				DEVELOPMENT_TEAM = L8R666257B;
				INFOPLIST_FILE = FJPhotoPickerDemo/Info.plist;
				LD_RUNPATH_SEARCH_PATHS = "$(inherited) @executable_path/Frameworks";
				PRODUCT_BUNDLE_IDENTIFIER = test.FJPhotoPickerDemo;
				PRODUCT_NAME = "$(TARGET_NAME)";
			};
			name = Debug;
		};
		3015BB491F6FF03F007A7035 /* Release */ = {
			isa = XCBuildConfiguration;
			buildSettings = {
				ASSETCATALOG_COMPILER_APPICON_NAME = AppIcon;
				DEVELOPMENT_TEAM = L8R666257B;
				INFOPLIST_FILE = FJPhotoPickerDemo/Info.plist;
				LD_RUNPATH_SEARCH_PATHS = "$(inherited) @executable_path/Frameworks";
				PRODUCT_BUNDLE_IDENTIFIER = test.FJPhotoPickerDemo;
				PRODUCT_NAME = "$(TARGET_NAME)";
			};
			name = Release;
		};
		3015BB4B1F6FF03F007A7035 /* Debug */ = {
			isa = XCBuildConfiguration;
			buildSettings = {
				BUNDLE_LOADER = "$(TEST_HOST)";
				INFOPLIST_FILE = FJPhotoPickerDemoTests/Info.plist;
				LD_RUNPATH_SEARCH_PATHS = "$(inherited) @executable_path/Frameworks @loader_path/Frameworks";
				PRODUCT_BUNDLE_IDENTIFIER = test.FJPhotoPickerDemoTests;
				PRODUCT_NAME = "$(TARGET_NAME)";
				TEST_HOST = "$(BUILT_PRODUCTS_DIR)/FJPhotoPickerDemo.app/FJPhotoPickerDemo";
			};
			name = Debug;
		};
		3015BB4C1F6FF03F007A7035 /* Release */ = {
			isa = XCBuildConfiguration;
			buildSettings = {
				BUNDLE_LOADER = "$(TEST_HOST)";
				INFOPLIST_FILE = FJPhotoPickerDemoTests/Info.plist;
				LD_RUNPATH_SEARCH_PATHS = "$(inherited) @executable_path/Frameworks @loader_path/Frameworks";
				PRODUCT_BUNDLE_IDENTIFIER = test.FJPhotoPickerDemoTests;
				PRODUCT_NAME = "$(TARGET_NAME)";
				TEST_HOST = "$(BUILT_PRODUCTS_DIR)/FJPhotoPickerDemo.app/FJPhotoPickerDemo";
			};
			name = Release;
		};
		3015BB4E1F6FF03F007A7035 /* Debug */ = {
			isa = XCBuildConfiguration;
			buildSettings = {
				INFOPLIST_FILE = FJPhotoPickerDemoUITests/Info.plist;
				LD_RUNPATH_SEARCH_PATHS = "$(inherited) @executable_path/Frameworks @loader_path/Frameworks";
				PRODUCT_BUNDLE_IDENTIFIER = test.FJPhotoPickerDemoUITests;
				PRODUCT_NAME = "$(TARGET_NAME)";
				TEST_TARGET_NAME = FJPhotoPickerDemo;
			};
			name = Debug;
		};
		3015BB4F1F6FF03F007A7035 /* Release */ = {
			isa = XCBuildConfiguration;
			buildSettings = {
				INFOPLIST_FILE = FJPhotoPickerDemoUITests/Info.plist;
				LD_RUNPATH_SEARCH_PATHS = "$(inherited) @executable_path/Frameworks @loader_path/Frameworks";
				PRODUCT_BUNDLE_IDENTIFIER = test.FJPhotoPickerDemoUITests;
				PRODUCT_NAME = "$(TARGET_NAME)";
				TEST_TARGET_NAME = FJPhotoPickerDemo;
			};
			name = Release;
		};
/* End XCBuildConfiguration section */

/* Begin XCConfigurationList section */
		3015BB151F6FF03F007A7035 /* Build configuration list for PBXProject "FJPhotoPickerDemo" */ = {
			isa = XCConfigurationList;
			buildConfigurations = (
				3015BB451F6FF03F007A7035 /* Debug */,
				3015BB461F6FF03F007A7035 /* Release */,
			);
			defaultConfigurationIsVisible = 0;
			defaultConfigurationName = Release;
		};
		3015BB471F6FF03F007A7035 /* Build configuration list for PBXNativeTarget "FJPhotoPickerDemo" */ = {
			isa = XCConfigurationList;
			buildConfigurations = (
				3015BB481F6FF03F007A7035 /* Debug */,
				3015BB491F6FF03F007A7035 /* Release */,
			);
			defaultConfigurationIsVisible = 0;
			defaultConfigurationName = Release;
		};
		3015BB4A1F6FF03F007A7035 /* Build configuration list for PBXNativeTarget "FJPhotoPickerDemoTests" */ = {
			isa = XCConfigurationList;
			buildConfigurations = (
				3015BB4B1F6FF03F007A7035 /* Debug */,
				3015BB4C1F6FF03F007A7035 /* Release */,
			);
			defaultConfigurationIsVisible = 0;
			defaultConfigurationName = Release;
		};
		3015BB4D1F6FF03F007A7035 /* Build configuration list for PBXNativeTarget "FJPhotoPickerDemoUITests" */ = {
			isa = XCConfigurationList;
			buildConfigurations = (
				3015BB4E1F6FF03F007A7035 /* Debug */,
				3015BB4F1F6FF03F007A7035 /* Release */,
			);
			defaultConfigurationIsVisible = 0;
			defaultConfigurationName = Release;
		};
/* End XCConfigurationList section */
	};
	rootObject = 3015BB121F6FF03F007A7035 /* Project object */;
}
